<!doctype html>
<html lang="en">
  <head>
    <meta charset="UTF-8" />
    <meta name="viewport" content="width=device-width, initial-scale=1.0" />
    <title>My Google AI Studio App</title>
    <script>
      // Protección contra librerías que intentan sobreescribir window.fetch
      (function() {
        const originalFetch = window.fetch;
        try {
          Object.defineProperty(window, 'fetch', {
            configurable: false,
            enumerable: true,
            get: () => originalFetch,
            set: (v) => { 
              console.warn('Intento de sobreescritura de fetch bloqueado');
            }
          });
        } catch (e) {
          console.error('No se pudo bloquear window.fetch:', e);
        }

        // Polyfill de global para entornos de navegador
        if (typeof global === 'undefined') {
          window.global = window;
        }
      })();
    </script>
  </head>
  <body>
    <div id="root"></div>
    <script type="module" src="/src/main.tsx"></script>
  </body>
</html>

